
Microsoft Visual Studio Solution File, Format Version 12.00
# Visual Studio Version 17
VisualStudioVersion = 17.6.33723.286
MinimumVisualStudioVersion = 10.0.40219.1
Project("{FAE04EC0-301F-11D3-BF4B-00C04F79EFBC}") = "my-books", "my-books\my-books.csproj", "{223B7FAC-92B9-41BE-BCAD-652AC033BFBD}"
EndProject
Global
	GlobalSection(SolutionConfigurationPlatforms) = preSolution
		Debug|Any CPU = Debug|Any CPU
		Release|Any CPU = Release|Any CPU
	EndGlobalSection
	GlobalSection(ProjectConfigurationPlatforms) = postSolution
		{223B7FAC-92B9-41BE-BCAD-652AC033BFBD}.Debug|Any CPU.ActiveCfg = Debug|Any CPU
		{223B7FAC-92B9-41BE-BCAD-652AC033BFBD}.Debug|Any CPU.Build.0 = Debug|Any CPU
		{223B7FAC-92B9-41BE-BCAD-652AC033BFBD}.Release|Any CPU.ActiveCfg = Release|Any CPU
		{223B7FAC-92B9-41BE-BCAD-652AC033BFBD}.Release|Any CPU.Build.0 = Release|Any CPU
	EndGlobalSection
	GlobalSection(SolutionProperties) = preSolution
		HideSolutionNode = FALSE
	EndGlobalSection
	GlobalSection(ExtensibilityGlobals) = postSolution
		SolutionGuid = {FE13A0B9-7794-463B-B585-032D8AC9C591}
	EndGlobalSection
EndGlobal
